<Solution>
  <Folder Name="/Solution Items/">
    <File Path=".editorconfig" />
    <File Path="Directory.Build.props" />
    <File Path="nuget.config" />
    <File Path="docker-compose.yml" />
    <File Path="dotnet-tools.json" />
    <File Path="Directory.Build.targets" />
    <File Path="Directory.Packages.props" />
  </Folder>
  <Folder Name="/src/Services/" />
  <Folder Name="/src/Services/ApiGateway/">
    <Project Path="src/Services/ApiGateway/ApiGateway.Api/ApiGateway.Api.csproj" />
  </Folder>
  <Folder Name="/src/Services/UserService/">
    <Project Path="src/Services/UserService/UserService.Api/UserService.Api.csproj" />
  </Folder>
  <Folder Name="/src/Shared/">
    <Project Path="src/Shared/Central.Common.Lib/Central.Common.Lib.csproj" />
    <Project Path="src/Shared/Platform.Auth/Platform.Auth.csproj" />
    <Project Path="src/Shared/Platform.Web/Platform.Web.csproj" />
  </Folder>
  <Folder Name="/src/" />
  <Folder Name="/src/aspire/">
    <Project Path="src/aspire/Central.AppHost/Central.AppHost.csproj" />
    <Project Path="src/aspire/Central.ServiceDefaults/Central.ServiceDefaults.csproj" />
  </Folder>
  <Folder Name="/tests/" />
  <Folder Name="/tests/Services/" />
  <Folder Name="/tests/Services/UserService/">
    <Project Path="tests/Services/UserService/UserService.Test/UserService.Test.csproj" />
  </Folder>
</Solution>
